
Microsoft Visual Studio Solution File, Format Version 12.00
# Visual Studio Version 16
VisualStudioVersion = 16.0.29025.244
MinimumVisualStudioVersion = 10.0.40219.1
Project("{FAE04EC0-301F-11D3-BF4B-00C04F79EFBC}") = "ECommerce.MvcWebUI", "ECommerce.MvcWebUI\ECommerce.MvcWebUI.csproj", "{E724F6BC-77E1-4172-92BC-A973088220E1}"
EndProject
Global
	GlobalSection(SolutionConfigurationPlatforms) = preSolution
		Debug|Any CPU = Debug|Any CPU
		Release|Any CPU = Release|Any CPU
	EndGlobalSection
	GlobalSection(ProjectConfigurationPlatforms) = postSolution
		{E724F6BC-77E1-4172-92BC-A973088220E1}.Debug|Any CPU.ActiveCfg = Debug|Any CPU
		{E724F6BC-77E1-4172-92BC-A973088220E1}.Debug|Any CPU.Build.0 = Debug|Any CPU
		{E724F6BC-77E1-4172-92BC-A973088220E1}.Release|Any CPU.ActiveCfg = Release|Any CPU
		{E724F6BC-77E1-4172-92BC-A973088220E1}.Release|Any CPU.Build.0 = Release|Any CPU
	EndGlobalSection
	GlobalSection(SolutionProperties) = preSolution
		HideSolutionNode = FALSE
	EndGlobalSection
	GlobalSection(ExtensibilityGlobals) = postSolution
		SolutionGuid = {4F52AB94-07E1-4251-BF73-F7B870E51006}
	EndGlobalSection
EndGlobal
